
Microsoft Visual Studio Solution File, Format Version 12.00
# Visual Studio Version 17
VisualStudioVersion = 17.5.33627.172
MinimumVisualStudioVersion = 10.0.40219.1
Project("{FAE04EC0-301F-11D3-BF4B-00C04F79EFBC}") = "HaberPortali", "HaberPortali\HaberPortali.csproj", "{944691D2-B2C7-483D-9E79-44430452704F}"
EndProject
Global
	GlobalSection(SolutionConfigurationPlatforms) = preSolution
		Debug|Any CPU = Debug|Any CPU
		Release|Any CPU = Release|Any CPU
	EndGlobalSection
	GlobalSection(ProjectConfigurationPlatforms) = postSolution
		{944691D2-B2C7-483D-9E79-44430452704F}.Debug|Any CPU.ActiveCfg = Debug|Any CPU
		{944691D2-B2C7-483D-9E79-44430452704F}.Debug|Any CPU.Build.0 = Debug|Any CPU
		{944691D2-B2C7-483D-9E79-44430452704F}.Release|Any CPU.ActiveCfg = Release|Any CPU
		{944691D2-B2C7-483D-9E79-44430452704F}.Release|Any CPU.Build.0 = Release|Any CPU
	EndGlobalSection
	GlobalSection(SolutionProperties) = preSolution
		HideSolutionNode = FALSE
	EndGlobalSection
	GlobalSection(ExtensibilityGlobals) = postSolution
		SolutionGuid = {EEC82A63-3A5C-499E-8134-6AFE9584DB55}
	EndGlobalSection
EndGlobal
